
Microsoft Visual Studio Solution File, Format Version 12.00
# Visual Studio 2015
Project("{FAE04EC0-301F-11D3-BF4B-00C04F79EFBC}") = "MindJump.CSharp", "MindJump.CSharp.csproj", "{93EEF56E-8F38-6DDB-9FE5-7C72228D3283}"
EndProject
Project("{FAE04EC0-301F-11D3-BF4B-00C04F79EFBC}") = "MindJump.CSharp.Plugins", "MindJump.CSharp.Plugins.csproj", "{725DB8D4-148D-B051-F052-4072BFA21FB6}"
EndProject
Project("{FAE04EC0-301F-11D3-BF4B-00C04F79EFBC}") = "MindJump.CSharp.Editor", "MindJump.CSharp.Editor.csproj", "{52A552AB-BF6B-B4F8-BAF6-A0574D0304BA}"
EndProject
Global
	GlobalSection(SolutionConfigurationPlatforms) = preSolution
		Debug|Any CPU = Debug|Any CPU
		Release|Any CPU = Release|Any CPU
	EndGlobalSection
	GlobalSection(ProjectConfigurationPlatforms) = postSolution
		{93EEF56E-8F38-6DDB-9FE5-7C72228D3283}.Debug|Any CPU.ActiveCfg = Debug|Any CPU
		{93EEF56E-8F38-6DDB-9FE5-7C72228D3283}.Debug|Any CPU.Build.0 = Debug|Any CPU
		{93EEF56E-8F38-6DDB-9FE5-7C72228D3283}.Release|Any CPU.ActiveCfg = Release|Any CPU
		{93EEF56E-8F38-6DDB-9FE5-7C72228D3283}.Release|Any CPU.Build.0 = Release|Any CPU
		{725DB8D4-148D-B051-F052-4072BFA21FB6}.Debug|Any CPU.ActiveCfg = Debug|Any CPU
		{725DB8D4-148D-B051-F052-4072BFA21FB6}.Debug|Any CPU.Build.0 = Debug|Any CPU
		{725DB8D4-148D-B051-F052-4072BFA21FB6}.Release|Any CPU.ActiveCfg = Release|Any CPU
		{725DB8D4-148D-B051-F052-4072BFA21FB6}.Release|Any CPU.Build.0 = Release|Any CPU
		{52A552AB-BF6B-B4F8-BAF6-A0574D0304BA}.Debug|Any CPU.ActiveCfg = Debug|Any CPU
		{52A552AB-BF6B-B4F8-BAF6-A0574D0304BA}.Debug|Any CPU.Build.0 = Debug|Any CPU
		{52A552AB-BF6B-B4F8-BAF6-A0574D0304BA}.Release|Any CPU.ActiveCfg = Release|Any CPU
		{52A552AB-BF6B-B4F8-BAF6-A0574D0304BA}.Release|Any CPU.Build.0 = Release|Any CPU
	EndGlobalSection
	GlobalSection(SolutionProperties) = preSolution
		HideSolutionNode = FALSE
	EndGlobalSection
EndGlobal
